// !$*UTF8*$!
{
	archiveVersion = 1;
	classes = {
	};
	objectVersion = 77;
	objects = {

/* Begin PBXBuildFile section */
		02556C58154250D702F818CE /* RootView.swift in Sources */ = {isa = PBXBuildFile; fileRef = A02208BA62F19C85670098F0 /* RootView.swift */; };
		16CA9E369AEC3FF3F4A2A529 /* WeekFormatting.swift in Sources */ = {isa = PBXBuildFile; fileRef = 311DE0C3591BCC8965B11530 /* WeekFormatting.swift */; };
		1CA88F6E51EB478206363697 /* ProductsListView.swift in Sources */ = {isa = PBXBuildFile; fileRef = 13E8162CA0D3375D759957C3 /* ProductsListView.swift */; };
		1FAFC2FBB9DE24E2F9B54D96 /* SalesSummary.swift in Sources */ = {isa = PBXBuildFile; fileRef = 6DD138DB61BE48C948317EE7 /* SalesSummary.swift */; };
		25548EA4F3964474D223C081 /* Assets.xcassets in Resources */ = {isa = PBXBuildFile; fileRef = 9D5873F5F938D9DE4861D160 /* Assets.xcassets */; };
		27A15EDC069BE9FD38C350A6 /* ActivityView.swift in Sources */ = {isa = PBXBuildFile; fileRef = E193E5BF2BED76F3F5E3C8DD /* ActivityView.swift */; };
		2B9D1B557B02B60DA625C8D7 /* APIClient.swift in Sources */ = {isa = PBXBuildFile; fileRef = 419F88D60E7C7B73D3B0BB25 /* APIClient.swift */; };
		3047237A4B0B474FE3932EF8 /* Product.swift in Sources */ = {isa = PBXBuildFile; fileRef = A596DBAEF03DEC6053FF1605 /* Product.swift */; };
		33A301854AEF574B52A82273 /* OrderRequests.swift in Sources */ = {isa = PBXBuildFile; fileRef = 13FBA951F6E9F855A7BAF7C8 /* OrderRequests.swift */; };
		353951228175414A002D9E9A /* AuthService.swift in Sources */ = {isa = PBXBuildFile; fileRef = 97B42E6DCF5DE3234CEF3FC2 /* AuthService.swift */; };
		35FBAB71E840CB5A42188E2D /* AddressFormFields.swift in Sources */ = {isa = PBXBuildFile; fileRef = 8AC5D064E7D3C0EBA3E4888E /* AddressFormFields.swift */; };
		3632C91841AAABEA71DE35CF /* CustomersListView.swift in Sources */ = {isa = PBXBuildFile; fileRef = 530F22B6CC3749FA04972E8E /* CustomersListView.swift */; };
		36AD35EBF5BFB375D79DB8A4 /* ProductDetailView.swift in Sources */ = {isa = PBXBuildFile; fileRef = 8C94A9E8A16D0BD245560271 /* ProductDetailView.swift */; };
		3D7CCC7E2B721764C6F0775F /* AppShellView.swift in Sources */ = {isa = PBXBuildFile; fileRef = DDC3E0EDEC33E7E11CA07ABA /* AppShellView.swift */; };
		3FFEEAF1A9B6B6BDFE71F486 /* ShipmentSection.swift in Sources */ = {isa = PBXBuildFile; fileRef = 838F778D23821D8070A2998D /* ShipmentSection.swift */; };
		43B8AFED0B957D44F589D47B /* OrderRow.swift in Sources */ = {isa = PBXBuildFile; fileRef = A38B148F1D7F44960FCDDAF5 /* OrderRow.swift */; };
		56D53F48EA1A95736C44A984 /* ApiError.swift in Sources */ = {isa = PBXBuildFile; fileRef = 62CDFAB54C250B326A47CDB4 /* ApiError.swift */; };
		63D7A59C46342C288A8587BE /* Customer.swift in Sources */ = {isa = PBXBuildFile; fileRef = 27B8342526578625CF6A4CB2 /* Customer.swift */; };
		6ECC266C9512D9F821BA4BCC /* CustomerDetailView.swift in Sources */ = {isa = PBXBuildFile; fileRef = F684F96B977C9662FE5560DF /* CustomerDetailView.swift */; };
		73CE1555AF6E96B232C106A0 /* OrderDetailView.swift in Sources */ = {isa = PBXBuildFile; fileRef = B4CF774A37AAC5D227C2AC60 /* OrderDetailView.swift */; };
		75755883854FB235DDAB9D90 /* ProductRequests.swift in Sources */ = {isa = PBXBuildFile; fileRef = 9593BAE051868FF3ADA2B9BC /* ProductRequests.swift */; };
		76495F361A3618AD013F3239 /* FormeraApp.swift in Sources */ = {isa = PBXBuildFile; fileRef = 0000E937AB4D0993A42DDF08 /* FormeraApp.swift */; };
		7750C7F44A2DCF5FC5A1902B /* DashboardView.swift in Sources */ = {isa = PBXBuildFile; fileRef = 9224DA8332DD1F3C6076F7FD /* DashboardView.swift */; };
		7AA93EC7534C21DCCC37F257 /* User.swift in Sources */ = {isa = PBXBuildFile; fileRef = ACD964ABE09117318693D9FA /* User.swift */; };
		7AD5655A2B322C3B146DC896 /* Locations.swift in Sources */ = {isa = PBXBuildFile; fileRef = A6D8126FFED1F7E6E7545837 /* Locations.swift */; };
		7FADB9FE03BBDBF1A11A7191 /* PhoneFormatting.swift in Sources */ = {isa = PBXBuildFile; fileRef = 3477BB686A7CCE3EAD7EC967 /* PhoneFormatting.swift */; };
		889D95082627FDADC5D7B4FF /* Carrier.swift in Sources */ = {isa = PBXBuildFile; fileRef = E21084D5E95B705D29B0E3BE /* Carrier.swift */; };
		893693C13337245DEFDC8344 /* OrderFormView.swift in Sources */ = {isa = PBXBuildFile; fileRef = 0A421CA4345067B9BF13D160 /* OrderFormView.swift */; };
		916DE93FD4E6B610D8D5F096 /* ProductsViewModel.swift in Sources */ = {isa = PBXBuildFile; fileRef = 1DFE909F620DC5F33FC1D221 /* ProductsViewModel.swift */; };
		91910C3B3C01AC7F727E1EBC /* CustomerEditView.swift in Sources */ = {isa = PBXBuildFile; fileRef = 54A2B4FDA35760AD92C4B8A2 /* CustomerEditView.swift */; };
		9205CC1659C64CD7FCC7935D /* AddressEditView.swift in Sources */ = {isa = PBXBuildFile; fileRef = 641819237C5FD784961C5FF0 /* AddressEditView.swift */; };
		92147DD3F3012E1B274E50EF /* StatusBadge.swift in Sources */ = {isa = PBXBuildFile; fileRef = 2CDF318F4E5C7D411A4D749E /* StatusBadge.swift */; };
		960EEB179D88F6645ED2EC01 /* Order.swift in Sources */ = {isa = PBXBuildFile; fileRef = 654E3596012F9DD7C9F17709 /* Order.swift */; };
		96DED6CD257CEE9C9954D279 /* CustomerFormView.swift in Sources */ = {isa = PBXBuildFile; fileRef = 5F848F5DD430233CD51F3ED5 /* CustomerFormView.swift */; };
		A06239F4A6343090308CEFB3 /* OrderLineItemRow.swift in Sources */ = {isa = PBXBuildFile; fileRef = FE1014F37D2F395DB182DD81 /* OrderLineItemRow.swift */; };
		A72D62C12CD7A2F62B974D2B /* AuthSession.swift in Sources */ = {isa = PBXBuildFile; fileRef = 8C487C43B68755DC46412EAA /* AuthSession.swift */; };
		A74E8A3DDD176D0919C22A91 /* OrderItemDraft.swift in Sources */ = {isa = PBXBuildFile; fileRef = BEC2900430296C8583712321 /* OrderItemDraft.swift */; };
		B473FCC9B470E800E815ACCC /* Pagination.swift in Sources */ = {isa = PBXBuildFile; fileRef = B2D57C3011096903D6946655 /* Pagination.swift */; };
		BA0C3F8E0881F7A19BB87E33 /* OrdersListView.swift in Sources */ = {isa = PBXBuildFile; fileRef = 45443517D8E4053A8B1D623F /* OrdersListView.swift */; };
		BCC1447BDB5C5E864CB9D337 /* Omittable.swift in Sources */ = {isa = PBXBuildFile; fileRef = F3D3281EDCEA066C070AAAA4 /* Omittable.swift */; };
		C969068BB9944814D0D8F819 /* ToastModifier.swift in Sources */ = {isa = PBXBuildFile; fileRef = EC8A7CF8B8651313CF7C17D3 /* ToastModifier.swift */; };
		CC72ACA1DA149A4E0FBA591C /* LoginView.swift in Sources */ = {isa = PBXBuildFile; fileRef = 45C9D1C96A3C03BCA82AC3BE /* LoginView.swift */; };
		CD2DA163368588D39FC291BA /* AuthModels.swift in Sources */ = {isa = PBXBuildFile; fileRef = 21962DD6BA0905269EFE81E9 /* AuthModels.swift */; };
		CF3261C22228A6D8EC1BEEF9 /* ProductFormView.swift in Sources */ = {isa = PBXBuildFile; fileRef = 12212EBB074DFF7DC872E8CB /* ProductFormView.swift */; };
		DB9673710641B9332EDC22AF /* CurrencyFormatting.swift in Sources */ = {isa = PBXBuildFile; fileRef = 555ED99DB69CFC8C03A4DDE5 /* CurrencyFormatting.swift */; };
		E2B787FEDCF5973BF58724EA /* CustomersViewModel.swift in Sources */ = {isa = PBXBuildFile; fileRef = 80EA85FE78732A215B73B89F /* CustomersViewModel.swift */; };
		E5DD7C74333DB683355A7DB3 /* AboutView.swift in Sources */ = {isa = PBXBuildFile; fileRef = 95632CA624201275BAB2BAD2 /* AboutView.swift */; };
		EA3210B28A051AFB7F08E201 /* CustomerRequests.swift in Sources */ = {isa = PBXBuildFile; fileRef = A3518612F3E0C67167792A37 /* CustomerRequests.swift */; };
		EBF004193B37499E7D710E85 /* OrdersViewModel.swift in Sources */ = {isa = PBXBuildFile; fileRef = 7D13E7945058B1045F0CF6C9 /* OrdersViewModel.swift */; };
		ED5AAE35D96211ADBCC4AF9E /* DashboardViewModel.swift in Sources */ = {isa = PBXBuildFile; fileRef = 32E25342C085D1EEA4E4686D /* DashboardViewModel.swift */; };
		F1335B640D509907A1944F1C /* OrderEditView.swift in Sources */ = {isa = PBXBuildFile; fileRef = 4CF4D03313C0EC230A720261 /* OrderEditView.swift */; };
		F13383940F90B5EFE2146F6C /* TokenStore.swift in Sources */ = {isa = PBXBuildFile; fileRef = EEFD3D1D8893A906443932E8 /* TokenStore.swift */; };
		FB0B9BE2EF9EFFB80596F225 /* AddressInput.swift in Sources */ = {isa = PBXBuildFile; fileRef = DF2FB17E7CEF8AC38B77BA34 /* AddressInput.swift */; };
		FB36754476D3DE1FD20CA9B1 /* DRFDate.swift in Sources */ = {isa = PBXBuildFile; fileRef = 523E0E237DEB24979DCCB791 /* DRFDate.swift */; };
/* End PBXBuildFile section */

/* Begin PBXFileReference section */
		0000E937AB4D0993A42DDF08 /* FormeraApp.swift */ = {isa = PBXFileReference; lastKnownFileType = sourcecode.swift; path = FormeraApp.swift; sourceTree = "<group>"; };
		0A186E525FB7CBDF841FB9AB /* Info.plist */ = {isa = PBXFileReference; lastKnownFileType = text.plist; path = Info.plist; sourceTree = "<group>"; };
		0A421CA4345067B9BF13D160 /* OrderFormView.swift */ = {isa = PBXFileReference; lastKnownFileType = sourcecode.swift; path = OrderFormView.swift; sourceTree = "<group>"; };
		12212EBB074DFF7DC872E8CB /* ProductFormView.swift */ = {isa = PBXFileReference; lastKnownFileType = sourcecode.swift; path = ProductFormView.swift; sourceTree = "<group>"; };
		13E8162CA0D3375D759957C3 /* ProductsListView.swift */ = {isa = PBXFileReference; lastKnownFileType = sourcecode.swift; path = ProductsListView.swift; sourceTree = "<group>"; };
		13FBA951F6E9F855A7BAF7C8 /* OrderRequests.swift */ = {isa = PBXFileReference; lastKnownFileType = sourcecode.swift; path = OrderRequests.swift; sourceTree = "<group>"; };
		1DFE909F620DC5F33FC1D221 /* ProductsViewModel.swift */ = {isa = PBXFileReference; lastKnownFileType = sourcecode.swift; path = ProductsViewModel.swift; sourceTree = "<group>"; };
		21962DD6BA0905269EFE81E9 /* AuthModels.swift */ = {isa = PBXFileReference; lastKnownFileType = sourcecode.swift; path = AuthModels.swift; sourceTree = "<group>"; };
		27B8342526578625CF6A4CB2 /* Customer.swift */ = {isa = PBXFileReference; lastKnownFileType = sourcecode.swift; path = Customer.swift; sourceTree = "<group>"; };
		2CDF318F4E5C7D411A4D749E /* StatusBadge.swift */ = {isa = PBXFileReference; lastKnownFileType = sourcecode.swift; path = StatusBadge.swift; sourceTree = "<group>"; };
		311DE0C3591BCC8965B11530 /* WeekFormatting.swift */ = {isa = PBXFileReference; lastKnownFileType = sourcecode.swift; path = WeekFormatting.swift; sourceTree = "<group>"; };
		32E25342C085D1EEA4E4686D /* DashboardViewModel.swift */ = {isa = PBXFileReference; lastKnownFileType = sourcecode.swift; path = DashboardViewModel.swift; sourceTree = "<group>"; };
		3477BB686A7CCE3EAD7EC967 /* PhoneFormatting.swift */ = {isa = PBXFileReference; lastKnownFileType = sourcecode.swift; path = PhoneFormatting.swift; sourceTree = "<group>"; };
		393138B165F3814D0D0AB6EA /* FormeraIOS.app */ = {isa = PBXFileReference; includeInIndex = 0; lastKnownFileType = wrapper.application; path = FormeraIOS.app; sourceTree = BUILT_PRODUCTS_DIR; };
		419F88D60E7C7B73D3B0BB25 /* APIClient.swift */ = {isa = PBXFileReference; lastKnownFileType = sourcecode.swift; path = APIClient.swift; sourceTree = "<group>"; };
		45443517D8E4053A8B1D623F /* OrdersListView.swift */ = {isa = PBXFileReference; lastKnownFileType = sourcecode.swift; path = OrdersListView.swift; sourceTree = "<group>"; };
		45C9D1C96A3C03BCA82AC3BE /* LoginView.swift */ = {isa = PBXFileReference; lastKnownFileType = sourcecode.swift; path = LoginView.swift; sourceTree = "<group>"; };
		4CF4D03313C0EC230A720261 /* OrderEditView.swift */ = {isa = PBXFileReference; lastKnownFileType = sourcecode.swift; path = OrderEditView.swift; sourceTree = "<group>"; };
		523E0E237DEB24979DCCB791 /* DRFDate.swift */ = {isa = PBXFileReference; lastKnownFileType = sourcecode.swift; path = DRFDate.swift; sourceTree = "<group>"; };
		530F22B6CC3749FA04972E8E /* CustomersListView.swift */ = {isa = PBXFileReference; lastKnownFileType = sourcecode.swift; path = CustomersListView.swift; sourceTree = "<group>"; };
		54A2B4FDA35760AD92C4B8A2 /* CustomerEditView.swift */ = {isa = PBXFileReference; lastKnownFileType = sourcecode.swift; path = CustomerEditView.swift; sourceTree = "<group>"; };
		555ED99DB69CFC8C03A4DDE5 /* CurrencyFormatting.swift */ = {isa = PBXFileReference; lastKnownFileType = sourcecode.swift; path = CurrencyFormatting.swift; sourceTree = "<group>"; };
		5F848F5DD430233CD51F3ED5 /* CustomerFormView.swift */ = {isa = PBXFileReference; lastKnownFileType = sourcecode.swift; path = CustomerFormView.swift; sourceTree = "<group>"; };
		62CDFAB54C250B326A47CDB4 /* ApiError.swift */ = {isa = PBXFileReference; lastKnownFileType = sourcecode.swift; path = ApiError.swift; sourceTree = "<group>"; };
		641819237C5FD784961C5FF0 /* AddressEditView.swift */ = {isa = PBXFileReference; lastKnownFileType = sourcecode.swift; path = AddressEditView.swift; sourceTree = "<group>"; };
		654E3596012F9DD7C9F17709 /* Order.swift */ = {isa = PBXFileReference; lastKnownFileType = sourcecode.swift; path = Order.swift; sourceTree = "<group>"; };
		6DD138DB61BE48C948317EE7 /* SalesSummary.swift */ = {isa = PBXFileReference; lastKnownFileType = sourcecode.swift; path = SalesSummary.swift; sourceTree = "<group>"; };
		7D13E7945058B1045F0CF6C9 /* OrdersViewModel.swift */ = {isa = PBXFileReference; lastKnownFileType = sourcecode.swift; path = OrdersViewModel.swift; sourceTree = "<group>"; };
		80EA85FE78732A215B73B89F /* CustomersViewModel.swift */ = {isa = PBXFileReference; lastKnownFileType = sourcecode.swift; path = CustomersViewModel.swift; sourceTree = "<group>"; };
		838F778D23821D8070A2998D /* ShipmentSection.swift */ = {isa = PBXFileReference; lastKnownFileType = sourcecode.swift; path = ShipmentSection.swift; sourceTree = "<group>"; };
		8AC5D064E7D3C0EBA3E4888E /* AddressFormFields.swift */ = {isa = PBXFileReference; lastKnownFileType = sourcecode.swift; path = AddressFormFields.swift; sourceTree = "<group>"; };
		8C487C43B68755DC46412EAA /* AuthSession.swift */ = {isa = PBXFileReference; lastKnownFileType = sourcecode.swift; path = AuthSession.swift; sourceTree = "<group>"; };
		8C94A9E8A16D0BD245560271 /* ProductDetailView.swift */ = {isa = PBXFileReference; lastKnownFileType = sourcecode.swift; path = ProductDetailView.swift; sourceTree = "<group>"; };
		9224DA8332DD1F3C6076F7FD /* DashboardView.swift */ = {isa = PBXFileReference; lastKnownFileType = sourcecode.swift; path = DashboardView.swift; sourceTree = "<group>"; };
		95632CA624201275BAB2BAD2 /* AboutView.swift */ = {isa = PBXFileReference; lastKnownFileType = sourcecode.swift; path = AboutView.swift; sourceTree = "<group>"; };
		9593BAE051868FF3ADA2B9BC /* ProductRequests.swift */ = {isa = PBXFileReference; lastKnownFileType = sourcecode.swift; path = ProductRequests.swift; sourceTree = "<group>"; };
		97B42E6DCF5DE3234CEF3FC2 /* AuthService.swift */ = {isa = PBXFileReference; lastKnownFileType = sourcecode.swift; path = AuthService.swift; sourceTree = "<group>"; };
		9D5873F5F938D9DE4861D160 /* Assets.xcassets */ = {isa = PBXFileReference; lastKnownFileType = folder.assetcatalog; path = Assets.xcassets; sourceTree = "<group>"; };
		A02208BA62F19C85670098F0 /* RootView.swift */ = {isa = PBXFileReference; lastKnownFileType = sourcecode.swift; path = RootView.swift; sourceTree = "<group>"; };
		A3518612F3E0C67167792A37 /* CustomerRequests.swift */ = {isa = PBXFileReference; lastKnownFileType = sourcecode.swift; path = CustomerRequests.swift; sourceTree = "<group>"; };
		A38B148F1D7F44960FCDDAF5 /* OrderRow.swift */ = {isa = PBXFileReference; lastKnownFileType = sourcecode.swift; path = OrderRow.swift; sourceTree = "<group>"; };
		A596DBAEF03DEC6053FF1605 /* Product.swift */ = {isa = PBXFileReference; lastKnownFileType = sourcecode.swift; path = Product.swift; sourceTree = "<group>"; };
		A6D8126FFED1F7E6E7545837 /* Locations.swift */ = {isa = PBXFileReference; lastKnownFileType = sourcecode.swift; path = Locations.swift; sourceTree = "<group>"; };
		ACD964ABE09117318693D9FA /* User.swift */ = {isa = PBXFileReference; lastKnownFileType = sourcecode.swift; path = User.swift; sourceTree = "<group>"; };
		B2D57C3011096903D6946655 /* Pagination.swift */ = {isa = PBXFileReference; lastKnownFileType = sourcecode.swift; path = Pagination.swift; sourceTree = "<group>"; };
		B4CF774A37AAC5D227C2AC60 /* OrderDetailView.swift */ = {isa = PBXFileReference; lastKnownFileType = sourcecode.swift; path = OrderDetailView.swift; sourceTree = "<group>"; };
		BEC2900430296C8583712321 /* OrderItemDraft.swift */ = {isa = PBXFileReference; lastKnownFileType = sourcecode.swift; path = OrderItemDraft.swift; sourceTree = "<group>"; };
		DDC3E0EDEC33E7E11CA07ABA /* AppShellView.swift */ = {isa = PBXFileReference; lastKnownFileType = sourcecode.swift; path = AppShellView.swift; sourceTree = "<group>"; };
		DF2FB17E7CEF8AC38B77BA34 /* AddressInput.swift */ = {isa = PBXFileReference; lastKnownFileType = sourcecode.swift; path = AddressInput.swift; sourceTree = "<group>"; };
		E193E5BF2BED76F3F5E3C8DD /* ActivityView.swift */ = {isa = PBXFileReference; lastKnownFileType = sourcecode.swift; path = ActivityView.swift; sourceTree = "<group>"; };
		E21084D5E95B705D29B0E3BE /* Carrier.swift */ = {isa = PBXFileReference; lastKnownFileType = sourcecode.swift; path = Carrier.swift; sourceTree = "<group>"; };
		EC8A7CF8B8651313CF7C17D3 /* ToastModifier.swift */ = {isa = PBXFileReference; lastKnownFileType = sourcecode.swift; path = ToastModifier.swift; sourceTree = "<group>"; };
		EEFD3D1D8893A906443932E8 /* TokenStore.swift */ = {isa = PBXFileReference; lastKnownFileType = sourcecode.swift; path = TokenStore.swift; sourceTree = "<group>"; };
		F3D3281EDCEA066C070AAAA4 /* Omittable.swift */ = {isa = PBXFileReference; lastKnownFileType = sourcecode.swift; path = Omittable.swift; sourceTree = "<group>"; };
		F684F96B977C9662FE5560DF /* CustomerDetailView.swift */ = {isa = PBXFileReference; lastKnownFileType = sourcecode.swift; path = CustomerDetailView.swift; sourceTree = "<group>"; };
		FE1014F37D2F395DB182DD81 /* OrderLineItemRow.swift */ = {isa = PBXFileReference; lastKnownFileType = sourcecode.swift; path = OrderLineItemRow.swift; sourceTree = "<group>"; };
/* End PBXFileReference section */

/* Begin PBXGroup section */
		21EAC40344B08A4379A45424 /* Sources */ = {
			isa = PBXGroup;
			children = (
				3C3D0F062319808177CF7813 /* App */,
				8CB571650181CF91CCE63553 /* Auth */,
				8CA2723BE8EED8EBAE679907 /* Customers */,
				4E77FF6DC99581D3BDACC842 /* Models */,
				B5459E2CA763D248D6262C58 /* Networking */,
				82273855FAE9F580CE524518 /* Orders */,
				7AFFDC0FC0F9DD188950B774 /* Products */,
				97D26749F72D43B52D04DA83 /* Support */,
				76ABC04DFB47BFC7A0C6FEC8 /* Views */,
			);
			path = Sources;
			sourceTree = "<group>";
		};
		3C3D0F062319808177CF7813 /* App */ = {
			isa = PBXGroup;
			children = (
				0000E937AB4D0993A42DDF08 /* FormeraApp.swift */,
			);
			path = App;
			sourceTree = "<group>";
		};
		4E77FF6DC99581D3BDACC842 /* Models */ = {
			isa = PBXGroup;
			children = (
				DF2FB17E7CEF8AC38B77BA34 /* AddressInput.swift */,
				E21084D5E95B705D29B0E3BE /* Carrier.swift */,
				27B8342526578625CF6A4CB2 /* Customer.swift */,
				A3518612F3E0C67167792A37 /* CustomerRequests.swift */,
				F3D3281EDCEA066C070AAAA4 /* Omittable.swift */,
				654E3596012F9DD7C9F17709 /* Order.swift */,
				13FBA951F6E9F855A7BAF7C8 /* OrderRequests.swift */,
				A596DBAEF03DEC6053FF1605 /* Product.swift */,
				9593BAE051868FF3ADA2B9BC /* ProductRequests.swift */,
				6DD138DB61BE48C948317EE7 /* SalesSummary.swift */,
				ACD964ABE09117318693D9FA /* User.swift */,
			);
			path = Models;
			sourceTree = "<group>";
		};
		76ABC04DFB47BFC7A0C6FEC8 /* Views */ = {
			isa = PBXGroup;
			children = (
				95632CA624201275BAB2BAD2 /* AboutView.swift */,
				DDC3E0EDEC33E7E11CA07ABA /* AppShellView.swift */,
				9224DA8332DD1F3C6076F7FD /* DashboardView.swift */,
				32E25342C085D1EEA4E4686D /* DashboardViewModel.swift */,
				45C9D1C96A3C03BCA82AC3BE /* LoginView.swift */,
				A02208BA62F19C85670098F0 /* RootView.swift */,
			);
			path = Views;
			sourceTree = "<group>";
		};
		7AFFDC0FC0F9DD188950B774 /* Products */ = {
			isa = PBXGroup;
			children = (
				8C94A9E8A16D0BD245560271 /* ProductDetailView.swift */,
				12212EBB074DFF7DC872E8CB /* ProductFormView.swift */,
				13E8162CA0D3375D759957C3 /* ProductsListView.swift */,
				1DFE909F620DC5F33FC1D221 /* ProductsViewModel.swift */,
			);
			path = Products;
			sourceTree = "<group>";
		};
		82273855FAE9F580CE524518 /* Orders */ = {
			isa = PBXGroup;
			children = (
				B4CF774A37AAC5D227C2AC60 /* OrderDetailView.swift */,
				4CF4D03313C0EC230A720261 /* OrderEditView.swift */,
				0A421CA4345067B9BF13D160 /* OrderFormView.swift */,
				BEC2900430296C8583712321 /* OrderItemDraft.swift */,
				FE1014F37D2F395DB182DD81 /* OrderLineItemRow.swift */,
				A38B148F1D7F44960FCDDAF5 /* OrderRow.swift */,
				45443517D8E4053A8B1D623F /* OrdersListView.swift */,
				7D13E7945058B1045F0CF6C9 /* OrdersViewModel.swift */,
				838F778D23821D8070A2998D /* ShipmentSection.swift */,
			);
			path = Orders;
			sourceTree = "<group>";
		};
		85F5C9C478A0A22CEF03C4BA /* FormeraIOS */ = {
			isa = PBXGroup;
			children = (
				A457A43D8B974DD16AE31117 /* Resources */,
				21EAC40344B08A4379A45424 /* Sources */,
			);
			path = FormeraIOS;
			sourceTree = "<group>";
		};
		8CA2723BE8EED8EBAE679907 /* Customers */ = {
			isa = PBXGroup;
			children = (
				641819237C5FD784961C5FF0 /* AddressEditView.swift */,
				F684F96B977C9662FE5560DF /* CustomerDetailView.swift */,
				54A2B4FDA35760AD92C4B8A2 /* CustomerEditView.swift */,
				5F848F5DD430233CD51F3ED5 /* CustomerFormView.swift */,
				530F22B6CC3749FA04972E8E /* CustomersListView.swift */,
				80EA85FE78732A215B73B89F /* CustomersViewModel.swift */,
			);
			path = Customers;
			sourceTree = "<group>";
		};
		8CB571650181CF91CCE63553 /* Auth */ = {
			isa = PBXGroup;
			children = (
				97B42E6DCF5DE3234CEF3FC2 /* AuthService.swift */,
			);
			path = Auth;
			sourceTree = "<group>";
		};
		97D26749F72D43B52D04DA83 /* Support */ = {
			isa = PBXGroup;
			children = (
				E193E5BF2BED76F3F5E3C8DD /* ActivityView.swift */,
				8AC5D064E7D3C0EBA3E4888E /* AddressFormFields.swift */,
				555ED99DB69CFC8C03A4DDE5 /* CurrencyFormatting.swift */,
				523E0E237DEB24979DCCB791 /* DRFDate.swift */,
				A6D8126FFED1F7E6E7545837 /* Locations.swift */,
				3477BB686A7CCE3EAD7EC967 /* PhoneFormatting.swift */,
				2CDF318F4E5C7D411A4D749E /* StatusBadge.swift */,
				EC8A7CF8B8651313CF7C17D3 /* ToastModifier.swift */,
				311DE0C3591BCC8965B11530 /* WeekFormatting.swift */,
			);
			path = Support;
			sourceTree = "<group>";
		};
		A457A43D8B974DD16AE31117 /* Resources */ = {
			isa = PBXGroup;
			children = (
				9D5873F5F938D9DE4861D160 /* Assets.xcassets */,
				0A186E525FB7CBDF841FB9AB /* Info.plist */,
			);
			path = Resources;
			sourceTree = "<group>";
		};
		B5459E2CA763D248D6262C58 /* Networking */ = {
			isa = PBXGroup;
			children = (
				419F88D60E7C7B73D3B0BB25 /* APIClient.swift */,
				62CDFAB54C250B326A47CDB4 /* ApiError.swift */,
				21962DD6BA0905269EFE81E9 /* AuthModels.swift */,
				8C487C43B68755DC46412EAA /* AuthSession.swift */,
				B2D57C3011096903D6946655 /* Pagination.swift */,
				EEFD3D1D8893A906443932E8 /* TokenStore.swift */,
			);
			path = Networking;
			sourceTree = "<group>";
		};
		D50C006976A1BFEE62C7EFE4 /* Products */ = {
			isa = PBXGroup;
			children = (
				393138B165F3814D0D0AB6EA /* FormeraIOS.app */,
			);
			name = Products;
			sourceTree = "<group>";
		};
		DD4E527A125161631B1B250B = {
			isa = PBXGroup;
			children = (
				85F5C9C478A0A22CEF03C4BA /* FormeraIOS */,
				D50C006976A1BFEE62C7EFE4 /* Products */,
			);
			sourceTree = "<group>";
		};
/* End PBXGroup section */

/* Begin PBXNativeTarget section */
		6A8FA9042F81034B314EFD4D /* FormeraIOS */ = {
			isa = PBXNativeTarget;
			buildConfigurationList = 1AAA56C9AF1BBCF7B8E6A7A6 /* Build configuration list for PBXNativeTarget "FormeraIOS" */;
			buildPhases = (
				9879CE758CC26CB8EF15EC33 /* Sources */,
				DF1086C11514130A92FAB28C /* Resources */,
			);
			buildRules = (
			);
			dependencies = (
			);
			name = FormeraIOS;
			packageProductDependencies = (
			);
			productName = FormeraIOS;
			productReference = 393138B165F3814D0D0AB6EA /* FormeraIOS.app */;
			productType = "com.apple.product-type.application";
		};
/* End PBXNativeTarget section */

/* Begin PBXProject section */
		599530786B56B55898343730 /* Project object */ = {
			isa = PBXProject;
			attributes = {
				BuildIndependentTargetsInParallel = YES;
				LastUpgradeCheck = 1430;
				TargetAttributes = {
					6A8FA9042F81034B314EFD4D = {
						DevelopmentTeam = TT4TYJV7FD;
						ProvisioningStyle = Automatic;
					};
				};
			};
			buildConfigurationList = F01589649AF50E15152ED0BB /* Build configuration list for PBXProject "FormeraIOS" */;
			developmentRegion = en;
			hasScannedForEncodings = 0;
			knownRegions = (
				Base,
				en,
			);
			mainGroup = DD4E527A125161631B1B250B;
			minimizedProjectReferenceProxies = 1;
			preferredProjectObjectVersion = 77;
			productRefGroup = D50C006976A1BFEE62C7EFE4 /* Products */;
			projectDirPath = "";
			projectRoot = "";
			targets = (
				6A8FA9042F81034B314EFD4D /* FormeraIOS */,
			);
		};
/* End PBXProject section */

/* Begin PBXResourcesBuildPhase section */
		DF1086C11514130A92FAB28C /* Resources */ = {
			isa = PBXResourcesBuildPhase;
			buildActionMask = 2147483647;
			files = (
				25548EA4F3964474D223C081 /* Assets.xcassets in Resources */,
			);
			runOnlyForDeploymentPostprocessing = 0;
		};
/* End PBXResourcesBuildPhase section */

/* Begin PBXSourcesBuildPhase section */
		9879CE758CC26CB8EF15EC33 /* Sources */ = {
			isa = PBXSourcesBuildPhase;
			buildActionMask = 2147483647;
			files = (
				2B9D1B557B02B60DA625C8D7 /* APIClient.swift in Sources */,
				E5DD7C74333DB683355A7DB3 /* AboutView.swift in Sources */,
				27A15EDC069BE9FD38C350A6 /* ActivityView.swift in Sources */,
				9205CC1659C64CD7FCC7935D /* AddressEditView.swift in Sources */,
				35FBAB71E840CB5A42188E2D /* AddressFormFields.swift in Sources */,
				FB0B9BE2EF9EFFB80596F225 /* AddressInput.swift in Sources */,
				56D53F48EA1A95736C44A984 /* ApiError.swift in Sources */,
				3D7CCC7E2B721764C6F0775F /* AppShellView.swift in Sources */,
				CD2DA163368588D39FC291BA /* AuthModels.swift in Sources */,
				353951228175414A002D9E9A /* AuthService.swift in Sources */,
				A72D62C12CD7A2F62B974D2B /* AuthSession.swift in Sources */,
				889D95082627FDADC5D7B4FF /* Carrier.swift in Sources */,
				DB9673710641B9332EDC22AF /* CurrencyFormatting.swift in Sources */,
				63D7A59C46342C288A8587BE /* Customer.swift in Sources */,
				6ECC266C9512D9F821BA4BCC /* CustomerDetailView.swift in Sources */,
				91910C3B3C01AC7F727E1EBC /* CustomerEditView.swift in Sources */,
				96DED6CD257CEE9C9954D279 /* CustomerFormView.swift in Sources */,
				EA3210B28A051AFB7F08E201 /* CustomerRequests.swift in Sources */,
				3632C91841AAABEA71DE35CF /* CustomersListView.swift in Sources */,
				E2B787FEDCF5973BF58724EA /* CustomersViewModel.swift in Sources */,
				FB36754476D3DE1FD20CA9B1 /* DRFDate.swift in Sources */,
				7750C7F44A2DCF5FC5A1902B /* DashboardView.swift in Sources */,
				ED5AAE35D96211ADBCC4AF9E /* DashboardViewModel.swift in Sources */,
				76495F361A3618AD013F3239 /* FormeraApp.swift in Sources */,
				7AD5655A2B322C3B146DC896 /* Locations.swift in Sources */,
				CC72ACA1DA149A4E0FBA591C /* LoginView.swift in Sources */,
				BCC1447BDB5C5E864CB9D337 /* Omittable.swift in Sources */,
				960EEB179D88F6645ED2EC01 /* Order.swift in Sources */,
				73CE1555AF6E96B232C106A0 /* OrderDetailView.swift in Sources */,
				F1335B640D509907A1944F1C /* OrderEditView.swift in Sources */,
				893693C13337245DEFDC8344 /* OrderFormView.swift in Sources */,
				A74E8A3DDD176D0919C22A91 /* OrderItemDraft.swift in Sources */,
				A06239F4A6343090308CEFB3 /* OrderLineItemRow.swift in Sources */,
				33A301854AEF574B52A82273 /* OrderRequests.swift in Sources */,
				43B8AFED0B957D44F589D47B /* OrderRow.swift in Sources */,
				BA0C3F8E0881F7A19BB87E33 /* OrdersListView.swift in Sources */,
				EBF004193B37499E7D710E85 /* OrdersViewModel.swift in Sources */,
				B473FCC9B470E800E815ACCC /* Pagination.swift in Sources */,
				7FADB9FE03BBDBF1A11A7191 /* PhoneFormatting.swift in Sources */,
				3047237A4B0B474FE3932EF8 /* Product.swift in Sources */,
				36AD35EBF5BFB375D79DB8A4 /* ProductDetailView.swift in Sources */,
				CF3261C22228A6D8EC1BEEF9 /* ProductFormView.swift in Sources */,
				75755883854FB235DDAB9D90 /* ProductRequests.swift in Sources */,
				1CA88F6E51EB478206363697 /* ProductsListView.swift in Sources */,
				916DE93FD4E6B610D8D5F096 /* ProductsViewModel.swift in Sources */,
				02556C58154250D702F818CE /* RootView.swift in Sources */,
				1FAFC2FBB9DE24E2F9B54D96 /* SalesSummary.swift in Sources */,
				3FFEEAF1A9B6B6BDFE71F486 /* ShipmentSection.swift in Sources */,
				92147DD3F3012E1B274E50EF /* StatusBadge.swift in Sources */,
				C969068BB9944814D0D8F819 /* ToastModifier.swift in Sources */,
				F13383940F90B5EFE2146F6C /* TokenStore.swift in Sources */,
				7AA93EC7534C21DCCC37F257 /* User.swift in Sources */,
				16CA9E369AEC3FF3F4A2A529 /* WeekFormatting.swift in Sources */,
			);
			runOnlyForDeploymentPostprocessing = 0;
		};
/* End PBXSourcesBuildPhase section */

/* Begin XCBuildConfiguration section */
		39EB62398E005607C8454224 /* Release */ = {
			isa = XCBuildConfiguration;
			buildSettings = {
				ALWAYS_SEARCH_USER_PATHS = NO;
				CLANG_ANALYZER_NONNULL = YES;
				CLANG_ANALYZER_NUMBER_OBJECT_CONVERSION = YES_AGGRESSIVE;
				CLANG_CXX_LANGUAGE_STANDARD = "gnu++14";
				CLANG_CXX_LIBRARY = "libc++";
				CLANG_ENABLE_MODULES = YES;
				CLANG_ENABLE_OBJC_ARC = YES;
				CLANG_ENABLE_OBJC_WEAK = YES;
				CLANG_WARN_BLOCK_CAPTURE_AUTORELEASING = YES;
				CLANG_WARN_BOOL_CONVERSION = YES;
				CLANG_WARN_COMMA = YES;
				CLANG_WARN_CONSTANT_CONVERSION = YES;
				CLANG_WARN_DEPRECATED_OBJC_IMPLEMENTATIONS = YES;
				CLANG_WARN_DIRECT_OBJC_ISA_USAGE = YES_ERROR;
				CLANG_WARN_DOCUMENTATION_COMMENTS = YES;
				CLANG_WARN_EMPTY_BODY = YES;
				CLANG_WARN_ENUM_CONVERSION = YES;
				CLANG_WARN_INFINITE_RECURSION = YES;
				CLANG_WARN_INT_CONVERSION = YES;
				CLANG_WARN_NON_LITERAL_NULL_CONVERSION = YES;
				CLANG_WARN_OBJC_IMPLICIT_RETAIN_SELF = YES;
				CLANG_WARN_OBJC_LITERAL_CONVERSION = YES;
				CLANG_WARN_OBJC_ROOT_CLASS = YES_ERROR;
				CLANG_WARN_QUOTED_INCLUDE_IN_FRAMEWORK_HEADER = YES;
				CLANG_WARN_RANGE_LOOP_ANALYSIS = YES;
				CLANG_WARN_STRICT_PROTOTYPES = YES;
				CLANG_WARN_SUSPICIOUS_MOVE = YES;
				CLANG_WARN_UNGUARDED_AVAILABILITY = YES_AGGRESSIVE;
				CLANG_WARN_UNREACHABLE_CODE = YES;
				CLANG_WARN__DUPLICATE_METHOD_MATCH = YES;
				CODE_SIGN_STYLE = Automatic;
				COPY_PHASE_STRIP = NO;
				CURRENT_PROJECT_VERSION = 6;
				DEBUG_INFORMATION_FORMAT = "dwarf-with-dsym";
				DEVELOPMENT_TEAM = TT4TYJV7FD;
				ENABLE_NS_ASSERTIONS = NO;
				ENABLE_STRICT_OBJC_MSGSEND = YES;
				GCC_C_LANGUAGE_STANDARD = gnu11;
				GCC_NO_COMMON_BLOCKS = YES;
				GCC_WARN_64_TO_32_BIT_CONVERSION = YES;
				GCC_WARN_ABOUT_RETURN_TYPE = YES_ERROR;
				GCC_WARN_UNDECLARED_SELECTOR = YES;
				GCC_WARN_UNINITIALIZED_AUTOS = YES_AGGRESSIVE;
				GCC_WARN_UNUSED_FUNCTION = YES;
				GCC_WARN_UNUSED_VARIABLE = YES;
				IPHONEOS_DEPLOYMENT_TARGET = 17.0;
				MARKETING_VERSION = 1.0.3;
				MTL_ENABLE_DEBUG_INFO = NO;
				MTL_FAST_MATH = YES;
				PRODUCT_NAME = "$(TARGET_NAME)";
				SDKROOT = iphoneos;
				SWIFT_COMPILATION_MODE = wholemodule;
				SWIFT_OPTIMIZATION_LEVEL = "-O";
				SWIFT_VERSION = 5.0;
			};
			name = Release;
		};
		AC8B7E0B48D64F37643AB6FD /* Debug */ = {
			isa = XCBuildConfiguration;
			buildSettings = {
				API_BASE_URL = "http://192.168.0.190:8000/api/";
				ASSETCATALOG_COMPILER_APPICON_NAME = AppIcon;
				ASSETCATALOG_COMPILER_GLOBAL_ACCENT_COLOR_NAME = AccentColor;
				CODE_SIGN_IDENTITY = "iPhone Developer";
				INFOPLIST_FILE = FormeraIOS/Resources/Info.plist;
				LD_RUNPATH_SEARCH_PATHS = (
					"$(inherited)",
					"@executable_path/Frameworks",
				);
				PRODUCT_BUNDLE_IDENTIFIER = com.formera.ios;
				SDKROOT = iphoneos;
				TARGETED_DEVICE_FAMILY = "1,2";
			};
			name = Debug;
		};
		B0E39C2A20EF9146BCCCF265 /* Release */ = {
			isa = XCBuildConfiguration;
			buildSettings = {
				API_BASE_URL = "https://formera-api-833262393415.us-west2.run.app/api/";
				ASSETCATALOG_COMPILER_APPICON_NAME = AppIcon;
				ASSETCATALOG_COMPILER_GLOBAL_ACCENT_COLOR_NAME = AccentColor;
				CODE_SIGN_IDENTITY = "iPhone Developer";
				INFOPLIST_FILE = FormeraIOS/Resources/Info.plist;
				LD_RUNPATH_SEARCH_PATHS = (
					"$(inherited)",
					"@executable_path/Frameworks",
				);
				OTHER_LDFLAGS = "-Wl,-no_fixup_chains";
				PRODUCT_BUNDLE_IDENTIFIER = com.formera.ios;
				SDKROOT = iphoneos;
				TARGETED_DEVICE_FAMILY = "1,2";
			};
			name = Release;
		};
		B95A4363506CB8BCA34C2EFE /* Debug */ = {
			isa = XCBuildConfiguration;
			buildSettings = {
				ALWAYS_SEARCH_USER_PATHS = NO;
				CLANG_ANALYZER_NONNULL = YES;
				CLANG_ANALYZER_NUMBER_OBJECT_CONVERSION = YES_AGGRESSIVE;
				CLANG_CXX_LANGUAGE_STANDARD = "gnu++14";
				CLANG_CXX_LIBRARY = "libc++";
				CLANG_ENABLE_MODULES = YES;
				CLANG_ENABLE_OBJC_ARC = YES;
				CLANG_ENABLE_OBJC_WEAK = YES;
				CLANG_WARN_BLOCK_CAPTURE_AUTORELEASING = YES;
				CLANG_WARN_BOOL_CONVERSION = YES;
				CLANG_WARN_COMMA = YES;
				CLANG_WARN_CONSTANT_CONVERSION = YES;
				CLANG_WARN_DEPRECATED_OBJC_IMPLEMENTATIONS = YES;
				CLANG_WARN_DIRECT_OBJC_ISA_USAGE = YES_ERROR;
				CLANG_WARN_DOCUMENTATION_COMMENTS = YES;
				CLANG_WARN_EMPTY_BODY = YES;
				CLANG_WARN_ENUM_CONVERSION = YES;
				CLANG_WARN_INFINITE_RECURSION = YES;
				CLANG_WARN_INT_CONVERSION = YES;
				CLANG_WARN_NON_LITERAL_NULL_CONVERSION = YES;
				CLANG_WARN_OBJC_IMPLICIT_RETAIN_SELF = YES;
				CLANG_WARN_OBJC_LITERAL_CONVERSION = YES;
				CLANG_WARN_OBJC_ROOT_CLASS = YES_ERROR;
				CLANG_WARN_QUOTED_INCLUDE_IN_FRAMEWORK_HEADER = YES;
				CLANG_WARN_RANGE_LOOP_ANALYSIS = YES;
				CLANG_WARN_STRICT_PROTOTYPES = YES;
				CLANG_WARN_SUSPICIOUS_MOVE = YES;
				CLANG_WARN_UNGUARDED_AVAILABILITY = YES_AGGRESSIVE;
				CLANG_WARN_UNREACHABLE_CODE = YES;
				CLANG_WARN__DUPLICATE_METHOD_MATCH = YES;
				CODE_SIGN_STYLE = Automatic;
				COPY_PHASE_STRIP = NO;
				CURRENT_PROJECT_VERSION = 6;
				DEBUG_INFORMATION_FORMAT = dwarf;
				DEVELOPMENT_TEAM = TT4TYJV7FD;
				ENABLE_STRICT_OBJC_MSGSEND = YES;
				ENABLE_TESTABILITY = YES;
				GCC_C_LANGUAGE_STANDARD = gnu11;
				GCC_DYNAMIC_NO_PIC = NO;
				GCC_NO_COMMON_BLOCKS = YES;
				GCC_OPTIMIZATION_LEVEL = 0;
				GCC_PREPROCESSOR_DEFINITIONS = (
					"$(inherited)",
					"DEBUG=1",
				);
				GCC_WARN_64_TO_32_BIT_CONVERSION = YES;
				GCC_WARN_ABOUT_RETURN_TYPE = YES_ERROR;
				GCC_WARN_UNDECLARED_SELECTOR = YES;
				GCC_WARN_UNINITIALIZED_AUTOS = YES_AGGRESSIVE;
				GCC_WARN_UNUSED_FUNCTION = YES;
				GCC_WARN_UNUSED_VARIABLE = YES;
				IPHONEOS_DEPLOYMENT_TARGET = 17.0;
				MARKETING_VERSION = 1.0.3;
				MTL_ENABLE_DEBUG_INFO = INCLUDE_SOURCE;
				MTL_FAST_MATH = YES;
				ONLY_ACTIVE_ARCH = YES;
				PRODUCT_NAME = "$(TARGET_NAME)";
				SDKROOT = iphoneos;
				SWIFT_ACTIVE_COMPILATION_CONDITIONS = DEBUG;
				SWIFT_OPTIMIZATION_LEVEL = "-Onone";
				SWIFT_VERSION = 5.0;
			};
			name = Debug;
		};
/* End XCBuildConfiguration section */

/* Begin XCConfigurationList section */
		1AAA56C9AF1BBCF7B8E6A7A6 /* Build configuration list for PBXNativeTarget "FormeraIOS" */ = {
			isa = XCConfigurationList;
			buildConfigurations = (
				AC8B7E0B48D64F37643AB6FD /* Debug */,
				B0E39C2A20EF9146BCCCF265 /* Release */,
			);
			defaultConfigurationIsVisible = 0;
			defaultConfigurationName = Debug;
		};
		F01589649AF50E15152ED0BB /* Build configuration list for PBXProject "FormeraIOS" */ = {
			isa = XCConfigurationList;
			buildConfigurations = (
				B95A4363506CB8BCA34C2EFE /* Debug */,
				39EB62398E005607C8454224 /* Release */,
			);
			defaultConfigurationIsVisible = 0;
			defaultConfigurationName = Debug;
		};
/* End XCConfigurationList section */
	};
	rootObject = 599530786B56B55898343730 /* Project object */;
}
